PODS:
  - DCTAuth (3.0)
  - Stripe (10.1.0)

DEPENDENCIES:
  - DCTAuth (from `https://github.com/danielctull/DCTAuth.git`)
  - Stripe (~> 10.1.0)

EXTERNAL SOURCES:
  DCTAuth:
    :git: https://github.com/danielctull/DCTAuth.git

CHECKOUT OPTIONS:
  DCTAuth:
    :commit: 0a8091a3fc165fb99a6f70cf15b3aed25252dad9
    :git: https://github.com/danielctull/DCTAuth.git

SPEC CHECKSUMS:
  DCTAuth: 8add154decd00335d62917828896bba790ce47fd
  Stripe: 1c7aa951a075cced500a919d92b687b35d410705

PODFILE CHECKSUM: 8598e320ac669526b11b04fbb9980e85e3471574

COCOAPODS: 1.3.1
